
Microsoft Visual Studio Solution File, Format Version 12.00
# Visual Studio 15
VisualStudioVersion = 15.0.27428.2043
MinimumVisualStudioVersion = 10.0.40219.1
Project("{FAE04EC0-301F-11D3-BF4B-00C04F79EFBC}") = "RandomAnimeSelector", "RandomAnimeSelector\RandomAnimeSelector.csproj", "{D63F3DFC-2413-4503-94D7-08248B351CEA}"
EndProject
Global
	GlobalSection(SolutionConfigurationPlatforms) = preSolution
		Debug|Any CPU = Debug|Any CPU
		Release|Any CPU = Release|Any CPU
	EndGlobalSection
	GlobalSection(ProjectConfigurationPlatforms) = postSolution
		{D63F3DFC-2413-4503-94D7-08248B351CEA}.Debug|Any CPU.ActiveCfg = Debug|Any CPU
		{D63F3DFC-2413-4503-94D7-08248B351CEA}.Debug|Any CPU.Build.0 = Debug|Any CPU
		{D63F3DFC-2413-4503-94D7-08248B351CEA}.Release|Any CPU.ActiveCfg = Release|Any CPU
		{D63F3DFC-2413-4503-94D7-08248B351CEA}.Release|Any CPU.Build.0 = Release|Any CPU
	EndGlobalSection
	GlobalSection(SolutionProperties) = preSolution
		HideSolutionNode = FALSE
	EndGlobalSection
	GlobalSection(ExtensibilityGlobals) = postSolution
		SolutionGuid = {27F89D5C-3403-4050-8C2B-3144A82FD676}
	EndGlobalSection
EndGlobal
